{
  "name": "ajs-platform-check",
  "version": "1.0.0",
  "lockfileVersion": 2,
  "requires": true,
  "packages": {
    "": {
      "name": "ajs-platform-check",
      "version": "1.0.0",
      "license": "ISC",
      "dependencies": {
        "@alexandr7944/ajs-platform": "^1.0.0"
      }
    },
    "node_modules/@alexandr7944/ajs-platform": {
      "version": "1.0.0",
      "resolved": "https://npm.pkg.github.com/download/@alexandr7944/ajs-platform/1.0.0/cdf81ce6e27869182af5c4df87938a2e76810854",
      "integrity": "sha512-w6TPrEA6m5leaPh7z4kXIRYUj/AYM6cJ+o/QSxf+MfKZU6VBdoN3Fqy+0MFO+VVQEZdQ/dWRpuRoAZTuHEV/RQ==",
      "license": "ISC"
    }
  },
  "dependencies": {
    "@alexandr7944/ajs-platform": {
      "version": "1.0.0",
      "resolved": "https://npm.pkg.github.com/download/@alexandr7944/ajs-platform/1.0.0/cdf81ce6e27869182af5c4df87938a2e76810854",
      "integrity": "sha512-w6TPrEA6m5leaPh7z4kXIRYUj/AYM6cJ+o/QSxf+MfKZU6VBdoN3Fqy+0MFO+VVQEZdQ/dWRpuRoAZTuHEV/RQ=="
    }
  }
}
